// !$*UTF8*$!
{
	archiveVersion = 1;
	classes = {
	};
	objectVersion = 77;
	objects = {

/* Begin PBXBuildFile section */
		665773A02E20B304004FF790 /* AppDelegate.swift in Sources */ = {isa = PBXBuildFile; fileRef = 665773922E20B304004FF790 /* AppDelegate.swift */; };
		665773A12E20B304004FF790 /* CTExtension+String.swift in Sources */ = {isa = PBXBuildFile; fileRef = 665773942E20B304004FF790 /* CTExtension+String.swift */; };
		665773A22E20B304004FF790 /* CTExtension+UIColor.swift in Sources */ = {isa = PBXBuildFile; fileRef = 665773952E20B304004FF790 /* CTExtension+UIColor.swift */; };
		665773A32E20B304004FF790 /* SankeyChartView.swift in Sources */ = {isa = PBXBuildFile; fileRef = 665773962E20B304004FF790 /* SankeyChartView.swift */; };
		665773A42E20B304004FF790 /* SceneDelegate.swift in Sources */ = {isa = PBXBuildFile; fileRef = 6657739C2E20B304004FF790 /* SceneDelegate.swift */; };
		665773A52E20B304004FF790 /* VFL.swift in Sources */ = {isa = PBXBuildFile; fileRef = 6657739D2E20B304004FF790 /* VFL.swift */; };
		665773A62E20B304004FF790 /* ViewController.swift in Sources */ = {isa = PBXBuildFile; fileRef = 6657739E2E20B304004FF790 /* ViewController.swift */; };
		665773A72E20B304004FF790 /* Assets.xcassets in Resources */ = {isa = PBXBuildFile; fileRef = 665773932E20B304004FF790 /* Assets.xcassets */; };
		665773A92E20B304004FF790 /* LaunchScreen.storyboard in Resources */ = {isa = PBXBuildFile; fileRef = 665773992E20B304004FF790 /* LaunchScreen.storyboard */; };
		665773AA2E20B304004FF790 /* Main.storyboard in Resources */ = {isa = PBXBuildFile; fileRef = 6657739B2E20B304004FF790 /* Main.storyboard */; };
		665773AD2E20B44B004FF790 /* CWConversionChartModel.swift in Sources */ = {isa = PBXBuildFile; fileRef = 665773AC2E20B44B004FF790 /* CWConversionChartModel.swift */; };
		665773AF2E20C007004FF790 /* CWConversionColumnView.swift in Sources */ = {isa = PBXBuildFile; fileRef = 665773AE2E20C007004FF790 /* CWConversionColumnView.swift */; };
/* End PBXBuildFile section */

/* Begin PBXFileReference section */
		665773582E1FF59A004FF790 /* conversion_chart.app */ = {isa = PBXFileReference; explicitFileType = wrapper.application; includeInIndex = 0; path = conversion_chart.app; sourceTree = BUILT_PRODUCTS_DIR; };
		665773922E20B304004FF790 /* AppDelegate.swift */ = {isa = PBXFileReference; lastKnownFileType = sourcecode.swift; path = AppDelegate.swift; sourceTree = "<group>"; };
		665773932E20B304004FF790 /* Assets.xcassets */ = {isa = PBXFileReference; lastKnownFileType = folder.assetcatalog; path = Assets.xcassets; sourceTree = "<group>"; };
		665773942E20B304004FF790 /* CTExtension+String.swift */ = {isa = PBXFileReference; lastKnownFileType = sourcecode.swift; path = "CTExtension+String.swift"; sourceTree = "<group>"; };
		665773952E20B304004FF790 /* CTExtension+UIColor.swift */ = {isa = PBXFileReference; lastKnownFileType = sourcecode.swift; path = "CTExtension+UIColor.swift"; sourceTree = "<group>"; };
		665773962E20B304004FF790 /* SankeyChartView.swift */ = {isa = PBXFileReference; lastKnownFileType = sourcecode.swift; path = SankeyChartView.swift; sourceTree = "<group>"; };
		665773972E20B304004FF790 /* Info.plist */ = {isa = PBXFileReference; lastKnownFileType = text.plist.xml; path = Info.plist; sourceTree = "<group>"; };
		665773982E20B304004FF790 /* Base */ = {isa = PBXFileReference; lastKnownFileType = file.storyboard; name = Base; path = Base.lproj/LaunchScreen.storyboard; sourceTree = "<group>"; };
		6657739A2E20B304004FF790 /* Base */ = {isa = PBXFileReference; lastKnownFileType = file.storyboard; name = Base; path = Base.lproj/Main.storyboard; sourceTree = "<group>"; };
		6657739C2E20B304004FF790 /* SceneDelegate.swift */ = {isa = PBXFileReference; lastKnownFileType = sourcecode.swift; path = SceneDelegate.swift; sourceTree = "<group>"; };
		6657739D2E20B304004FF790 /* VFL.swift */ = {isa = PBXFileReference; lastKnownFileType = sourcecode.swift; path = VFL.swift; sourceTree = "<group>"; };
		6657739E2E20B304004FF790 /* ViewController.swift */ = {isa = PBXFileReference; lastKnownFileType = sourcecode.swift; path = ViewController.swift; sourceTree = "<group>"; };
		665773AC2E20B44B004FF790 /* CWConversionChartModel.swift */ = {isa = PBXFileReference; lastKnownFileType = sourcecode.swift; path = CWConversionChartModel.swift; sourceTree = "<group>"; };
		665773AE2E20C007004FF790 /* CWConversionColumnView.swift */ = {isa = PBXFileReference; lastKnownFileType = sourcecode.swift; path = CWConversionColumnView.swift; sourceTree = "<group>"; };
/* End PBXFileReference section */

/* Begin PBXFrameworksBuildPhase section */
		665773552E1FF59A004FF790 /* Frameworks */ = {
			isa = PBXFrameworksBuildPhase;
			buildActionMask = 2147483647;
			files = (
			);
			runOnlyForDeploymentPostprocessing = 0;
		};
/* End PBXFrameworksBuildPhase section */

/* Begin PBXGroup section */
		6657734F2E1FF59A004FF790 = {
			isa = PBXGroup;
			children = (
				6657739F2E20B304004FF790 /* conversion_chart */,
				665773592E1FF59A004FF790 /* Products */,
			);
			sourceTree = "<group>";
		};
		665773592E1FF59A004FF790 /* Products */ = {
			isa = PBXGroup;
			children = (
				665773582E1FF59A004FF790 /* conversion_chart.app */,
			);
			name = Products;
			sourceTree = "<group>";
		};
		6657739F2E20B304004FF790 /* conversion_chart */ = {
			isa = PBXGroup;
			children = (
				665773922E20B304004FF790 /* AppDelegate.swift */,
				665773932E20B304004FF790 /* Assets.xcassets */,
				665773972E20B304004FF790 /* Info.plist */,
				665773992E20B304004FF790 /* LaunchScreen.storyboard */,
				6657739B2E20B304004FF790 /* Main.storyboard */,
				6657739C2E20B304004FF790 /* SceneDelegate.swift */,
				6657739D2E20B304004FF790 /* VFL.swift */,
				6657739E2E20B304004FF790 /* ViewController.swift */,
				665773B02E20ECCD004FF790 /* Extension */,
				665773AB2E20B308004FF790 /* CWSankeyChartView */,
			);
			path = conversion_chart;
			sourceTree = "<group>";
		};
		665773AB2E20B308004FF790 /* CWSankeyChartView */ = {
			isa = PBXGroup;
			children = (
				665773962E20B304004FF790 /* SankeyChartView.swift */,
				665773AC2E20B44B004FF790 /* CWConversionChartModel.swift */,
				665773AE2E20C007004FF790 /* CWConversionColumnView.swift */,
			);
			path = CWSankeyChartView;
			sourceTree = "<group>";
		};
		665773B02E20ECCD004FF790 /* Extension */ = {
			isa = PBXGroup;
			children = (
				665773942E20B304004FF790 /* CTExtension+String.swift */,
				665773952E20B304004FF790 /* CTExtension+UIColor.swift */,
			);
			path = Extension;
			sourceTree = "<group>";
		};
/* End PBXGroup section */

/* Begin PBXNativeTarget section */
		665773572E1FF59A004FF790 /* conversion_chart */ = {
			isa = PBXNativeTarget;
			buildConfigurationList = 6657736B2E1FF59B004FF790 /* Build configuration list for PBXNativeTarget "conversion_chart" */;
			buildPhases = (
				665773542E1FF59A004FF790 /* Sources */,
				665773552E1FF59A004FF790 /* Frameworks */,
				665773562E1FF59A004FF790 /* Resources */,
			);
			buildRules = (
			);
			dependencies = (
			);
			name = conversion_chart;
			packageProductDependencies = (
			);
			productName = conversion_chart;
			productReference = 665773582E1FF59A004FF790 /* conversion_chart.app */;
			productType = "com.apple.product-type.application";
		};
/* End PBXNativeTarget section */

/* Begin PBXProject section */
		665773502E1FF59A004FF790 /* Project object */ = {
			isa = PBXProject;
			attributes = {
				BuildIndependentTargetsInParallel = 1;
				LastSwiftUpdateCheck = 1630;
				LastUpgradeCheck = 1630;
				TargetAttributes = {
					665773572E1FF59A004FF790 = {
						CreatedOnToolsVersion = 16.3;
					};
				};
			};
			buildConfigurationList = 665773532E1FF59A004FF790 /* Build configuration list for PBXProject "conversion_chart" */;
			developmentRegion = en;
			hasScannedForEncodings = 0;
			knownRegions = (
				en,
				Base,
			);
			mainGroup = 6657734F2E1FF59A004FF790;
			minimizedProjectReferenceProxies = 1;
			preferredProjectObjectVersion = 77;
			productRefGroup = 665773592E1FF59A004FF790 /* Products */;
			projectDirPath = "";
			projectRoot = "";
			targets = (
				665773572E1FF59A004FF790 /* conversion_chart */,
			);
		};
/* End PBXProject section */

/* Begin PBXResourcesBuildPhase section */
		665773562E1FF59A004FF790 /* Resources */ = {
			isa = PBXResourcesBuildPhase;
			buildActionMask = 2147483647;
			files = (
				665773A72E20B304004FF790 /* Assets.xcassets in Resources */,
				665773A92E20B304004FF790 /* LaunchScreen.storyboard in Resources */,
				665773AA2E20B304004FF790 /* Main.storyboard in Resources */,
			);
			runOnlyForDeploymentPostprocessing = 0;
		};
/* End PBXResourcesBuildPhase section */

/* Begin PBXSourcesBuildPhase section */
		665773542E1FF59A004FF790 /* Sources */ = {
			isa = PBXSourcesBuildPhase;
			buildActionMask = 2147483647;
			files = (
				665773A02E20B304004FF790 /* AppDelegate.swift in Sources */,
				665773A12E20B304004FF790 /* CTExtension+String.swift in Sources */,
				665773AF2E20C007004FF790 /* CWConversionColumnView.swift in Sources */,
				665773AD2E20B44B004FF790 /* CWConversionChartModel.swift in Sources */,
				665773A22E20B304004FF790 /* CTExtension+UIColor.swift in Sources */,
				665773A32E20B304004FF790 /* SankeyChartView.swift in Sources */,
				665773A42E20B304004FF790 /* SceneDelegate.swift in Sources */,
				665773A52E20B304004FF790 /* VFL.swift in Sources */,
				665773A62E20B304004FF790 /* ViewController.swift in Sources */,
			);
			runOnlyForDeploymentPostprocessing = 0;
		};
/* End PBXSourcesBuildPhase section */

/* Begin PBXVariantGroup section */
		665773992E20B304004FF790 /* LaunchScreen.storyboard */ = {
			isa = PBXVariantGroup;
			children = (
				665773982E20B304004FF790 /* Base */,
			);
			name = LaunchScreen.storyboard;
			sourceTree = "<group>";
		};
		6657739B2E20B304004FF790 /* Main.storyboard */ = {
			isa = PBXVariantGroup;
			children = (
				6657739A2E20B304004FF790 /* Base */,
			);
			name = Main.storyboard;
			sourceTree = "<group>";
		};
/* End PBXVariantGroup section */

/* Begin XCBuildConfiguration section */
		6657736C2E1FF59B004FF790 /* Debug */ = {
			isa = XCBuildConfiguration;
			buildSettings = {
				ASSETCATALOG_COMPILER_APPICON_NAME = AppIcon;
				ASSETCATALOG_COMPILER_GLOBAL_ACCENT_COLOR_NAME = AccentColor;
				CODE_SIGN_STYLE = Automatic;
				CURRENT_PROJECT_VERSION = 1;
				DEVELOPMENT_TEAM = V3DM7W7CZT;
				GENERATE_INFOPLIST_FILE = YES;
				INFOPLIST_FILE = conversion_chart/Info.plist;
				INFOPLIST_KEY_UIApplicationSupportsIndirectInputEvents = YES;
				INFOPLIST_KEY_UILaunchStoryboardName = LaunchScreen;
				INFOPLIST_KEY_UIMainStoryboardFile = Main;
				INFOPLIST_KEY_UISupportedInterfaceOrientations_iPad = "UIInterfaceOrientationPortrait UIInterfaceOrientationPortraitUpsideDown UIInterfaceOrientationLandscapeLeft UIInterfaceOrientationLandscapeRight";
				INFOPLIST_KEY_UISupportedInterfaceOrientations_iPhone = "UIInterfaceOrientationPortrait UIInterfaceOrientationLandscapeLeft UIInterfaceOrientationLandscapeRight";
				LD_RUNPATH_SEARCH_PATHS = (
					"$(inherited)",
					"@executable_path/Frameworks",
				);
				MARKETING_VERSION = 1.0;
				PRODUCT_BUNDLE_IDENTIFIER = "com.chenwang.conversionChart.conversion-chart";
				PRODUCT_NAME = "$(TARGET_NAME)";
				SWIFT_EMIT_LOC_STRINGS = YES;
				SWIFT_VERSION = 5.0;
				TARGETED_DEVICE_FAMILY = "1,2";
			};
			name = Debug;
		};
		6657736D2E1FF59B004FF790 /* Release */ = {
			isa = XCBuildConfiguration;
			buildSettings = {
				ASSETCATALOG_COMPILER_APPICON_NAME = AppIcon;
				ASSETCATALOG_COMPILER_GLOBAL_ACCENT_COLOR_NAME = AccentColor;
				CODE_SIGN_STYLE = Automatic;
				CURRENT_PROJECT_VERSION = 1;
				DEVELOPMENT_TEAM = V3DM7W7CZT;
				GENERATE_INFOPLIST_FILE = YES;
				INFOPLIST_FILE = conversion_chart/Info.plist;
				INFOPLIST_KEY_UIApplicationSupportsIndirectInputEvents = YES;
				INFOPLIST_KEY_UILaunchStoryboardName = LaunchScreen;
				INFOPLIST_KEY_UIMainStoryboardFile = Main;
				INFOPLIST_KEY_UISupportedInterfaceOrientations_iPad = "UIInterfaceOrientationPortrait UIInterfaceOrientationPortraitUpsideDown UIInterfaceOrientationLandscapeLeft UIInterfaceOrientationLandscapeRight";
				INFOPLIST_KEY_UISupportedInterfaceOrientations_iPhone = "UIInterfaceOrientationPortrait UIInterfaceOrientationLandscapeLeft UIInterfaceOrientationLandscapeRight";
				LD_RUNPATH_SEARCH_PATHS = (
					"$(inherited)",
					"@executable_path/Frameworks",
				);
				MARKETING_VERSION = 1.0;
				PRODUCT_BUNDLE_IDENTIFIER = "com.chenwang.conversionChart.conversion-chart";
				PRODUCT_NAME = "$(TARGET_NAME)";
				SWIFT_EMIT_LOC_STRINGS = YES;
				SWIFT_VERSION = 5.0;
				TARGETED_DEVICE_FAMILY = "1,2";
			};
			name = Release;
		};
		6657736E2E1FF59B004FF790 /* Debug */ = {
			isa = XCBuildConfiguration;
			buildSettings = {
				ALWAYS_SEARCH_USER_PATHS = NO;
				ASSETCATALOG_COMPILER_GENERATE_SWIFT_ASSET_SYMBOL_EXTENSIONS = YES;
				CLANG_ANALYZER_NONNULL = YES;
				CLANG_ANALYZER_NUMBER_OBJECT_CONVERSION = YES_AGGRESSIVE;
				CLANG_CXX_LANGUAGE_STANDARD = "gnu++20";
				CLANG_ENABLE_MODULES = YES;
				CLANG_ENABLE_OBJC_ARC = YES;
				CLANG_ENABLE_OBJC_WEAK = YES;
				CLANG_WARN_BLOCK_CAPTURE_AUTORELEASING = YES;
				CLANG_WARN_BOOL_CONVERSION = YES;
				CLANG_WARN_COMMA = YES;
				CLANG_WARN_CONSTANT_CONVERSION = YES;
				CLANG_WARN_DEPRECATED_OBJC_IMPLEMENTATIONS = YES;
				CLANG_WARN_DIRECT_OBJC_ISA_USAGE = YES_ERROR;
				CLANG_WARN_DOCUMENTATION_COMMENTS = YES;
				CLANG_WARN_EMPTY_BODY = YES;
				CLANG_WARN_ENUM_CONVERSION = YES;
				CLANG_WARN_INFINITE_RECURSION = YES;
				CLANG_WARN_INT_CONVERSION = YES;
				CLANG_WARN_NON_LITERAL_NULL_CONVERSION = YES;
				CLANG_WARN_OBJC_IMPLICIT_RETAIN_SELF = YES;
				CLANG_WARN_OBJC_LITERAL_CONVERSION = YES;
				CLANG_WARN_OBJC_ROOT_CLASS = YES_ERROR;
				CLANG_WARN_QUOTED_INCLUDE_IN_FRAMEWORK_HEADER = YES;
				CLANG_WARN_RANGE_LOOP_ANALYSIS = YES;
				CLANG_WARN_STRICT_PROTOTYPES = YES;
				CLANG_WARN_SUSPICIOUS_MOVE = YES;
				CLANG_WARN_UNGUARDED_AVAILABILITY = YES_AGGRESSIVE;
				CLANG_WARN_UNREACHABLE_CODE = YES;
				CLANG_WARN__DUPLICATE_METHOD_MATCH = YES;
				COPY_PHASE_STRIP = NO;
				DEBUG_INFORMATION_FORMAT = dwarf;
				DEVELOPMENT_TEAM = V3DM7W7CZT;
				ENABLE_STRICT_OBJC_MSGSEND = YES;
				ENABLE_TESTABILITY = YES;
				ENABLE_USER_SCRIPT_SANDBOXING = YES;
				GCC_C_LANGUAGE_STANDARD = gnu17;
				GCC_DYNAMIC_NO_PIC = NO;
				GCC_NO_COMMON_BLOCKS = YES;
				GCC_OPTIMIZATION_LEVEL = 0;
				GCC_PREPROCESSOR_DEFINITIONS = (
					"DEBUG=1",
					"$(inherited)",
				);
				GCC_WARN_64_TO_32_BIT_CONVERSION = YES;
				GCC_WARN_ABOUT_RETURN_TYPE = YES_ERROR;
				GCC_WARN_UNDECLARED_SELECTOR = YES;
				GCC_WARN_UNINITIALIZED_AUTOS = YES_AGGRESSIVE;
				GCC_WARN_UNUSED_FUNCTION = YES;
				GCC_WARN_UNUSED_VARIABLE = YES;
				IPHONEOS_DEPLOYMENT_TARGET = 18.4;
				LOCALIZATION_PREFERS_STRING_CATALOGS = YES;
				MTL_ENABLE_DEBUG_INFO = INCLUDE_SOURCE;
				MTL_FAST_MATH = YES;
				ONLY_ACTIVE_ARCH = YES;
				SDKROOT = iphoneos;
				SWIFT_ACTIVE_COMPILATION_CONDITIONS = "DEBUG $(inherited)";
				SWIFT_OPTIMIZATION_LEVEL = "-Onone";
			};
			name = Debug;
		};
		6657736F2E1FF59B004FF790 /* Release */ = {
			isa = XCBuildConfiguration;
			buildSettings = {
				ALWAYS_SEARCH_USER_PATHS = NO;
				ASSETCATALOG_COMPILER_GENERATE_SWIFT_ASSET_SYMBOL_EXTENSIONS = YES;
				CLANG_ANALYZER_NONNULL = YES;
				CLANG_ANALYZER_NUMBER_OBJECT_CONVERSION = YES_AGGRESSIVE;
				CLANG_CXX_LANGUAGE_STANDARD = "gnu++20";
				CLANG_ENABLE_MODULES = YES;
				CLANG_ENABLE_OBJC_ARC = YES;
				CLANG_ENABLE_OBJC_WEAK = YES;
				CLANG_WARN_BLOCK_CAPTURE_AUTORELEASING = YES;
				CLANG_WARN_BOOL_CONVERSION = YES;
				CLANG_WARN_COMMA = YES;
				CLANG_WARN_CONSTANT_CONVERSION = YES;
				CLANG_WARN_DEPRECATED_OBJC_IMPLEMENTATIONS = YES;
				CLANG_WARN_DIRECT_OBJC_ISA_USAGE = YES_ERROR;
				CLANG_WARN_DOCUMENTATION_COMMENTS = YES;
				CLANG_WARN_EMPTY_BODY = YES;
				CLANG_WARN_ENUM_CONVERSION = YES;
				CLANG_WARN_INFINITE_RECURSION = YES;
				CLANG_WARN_INT_CONVERSION = YES;
				CLANG_WARN_NON_LITERAL_NULL_CONVERSION = YES;
				CLANG_WARN_OBJC_IMPLICIT_RETAIN_SELF = YES;
				CLANG_WARN_OBJC_LITERAL_CONVERSION = YES;
				CLANG_WARN_OBJC_ROOT_CLASS = YES_ERROR;
				CLANG_WARN_QUOTED_INCLUDE_IN_FRAMEWORK_HEADER = YES;
				CLANG_WARN_RANGE_LOOP_ANALYSIS = YES;
				CLANG_WARN_STRICT_PROTOTYPES = YES;
				CLANG_WARN_SUSPICIOUS_MOVE = YES;
				CLANG_WARN_UNGUARDED_AVAILABILITY = YES_AGGRESSIVE;
				CLANG_WARN_UNREACHABLE_CODE = YES;
				CLANG_WARN__DUPLICATE_METHOD_MATCH = YES;
				COPY_PHASE_STRIP = NO;
				DEBUG_INFORMATION_FORMAT = "dwarf-with-dsym";
				DEVELOPMENT_TEAM = V3DM7W7CZT;
				ENABLE_NS_ASSERTIONS = NO;
				ENABLE_STRICT_OBJC_MSGSEND = YES;
				ENABLE_USER_SCRIPT_SANDBOXING = YES;
				GCC_C_LANGUAGE_STANDARD = gnu17;
				GCC_NO_COMMON_BLOCKS = YES;
				GCC_WARN_64_TO_32_BIT_CONVERSION = YES;
				GCC_WARN_ABOUT_RETURN_TYPE = YES_ERROR;
				GCC_WARN_UNDECLARED_SELECTOR = YES;
				GCC_WARN_UNINITIALIZED_AUTOS = YES_AGGRESSIVE;
				GCC_WARN_UNUSED_FUNCTION = YES;
				GCC_WARN_UNUSED_VARIABLE = YES;
				IPHONEOS_DEPLOYMENT_TARGET = 18.4;
				LOCALIZATION_PREFERS_STRING_CATALOGS = YES;
				MTL_ENABLE_DEBUG_INFO = NO;
				MTL_FAST_MATH = YES;
				SDKROOT = iphoneos;
				SWIFT_COMPILATION_MODE = wholemodule;
				VALIDATE_PRODUCT = YES;
			};
			name = Release;
		};
/* End XCBuildConfiguration section */

/* Begin XCConfigurationList section */
		665773532E1FF59A004FF790 /* Build configuration list for PBXProject "conversion_chart" */ = {
			isa = XCConfigurationList;
			buildConfigurations = (
				6657736E2E1FF59B004FF790 /* Debug */,
				6657736F2E1FF59B004FF790 /* Release */,
			);
			defaultConfigurationIsVisible = 0;
			defaultConfigurationName = Release;
		};
		6657736B2E1FF59B004FF790 /* Build configuration list for PBXNativeTarget "conversion_chart" */ = {
			isa = XCConfigurationList;
			buildConfigurations = (
				6657736C2E1FF59B004FF790 /* Debug */,
				6657736D2E1FF59B004FF790 /* Release */,
			);
			defaultConfigurationIsVisible = 0;
			defaultConfigurationName = Release;
		};
/* End XCConfigurationList section */
	};
	rootObject = 665773502E1FF59A004FF790 /* Project object */;
}
